{
  "originHash" : "3a2d88ccee5e55cf22b91387cee08ac857e1e6e168f8425d44e2d58f1dc13cef",
  "pins" : [
    {
      "identity" : "ghostty-terminal-spm",
      "kind" : "remoteSourceControl",
      "location" : "https://github.com/alexcding/ghostty-terminal-spm",
      "state" : {
        "revision" : "e8f6c85f1576d63d464ba7849867aab4eed89876",
        "version" : "1.6.20260909-taskhub.1"
      }
    },
    {
      "identity" : "msdisplaylink",
      "kind" : "remoteSourceControl",
      "location" : "https://github.com/Lakr233/MSDisplayLink.git",
      "state" : {
        "revision" : "87eb0af130744c8cbe2e31b6e1a5bcd659f1c220",
        "version" : "2.2.0"
      }
    },
    {
      "identity" : "sparkle",
      "kind" : "remoteSourceControl",
      "location" : "https://github.com/sparkle-project/Sparkle",
      "state" : {
        "revision" : "ac2def288cbff5cfc7df3ffef6abdf45b72bcb0a",
        "version" : "2.9.6"
      }
    }
  ],
  "version" : 3
}
